
Microsoft Visual Studio Solution File, Format Version 12.00
# Visual Studio Version 17
VisualStudioVersion = 17.11.35327.3
MinimumVisualStudioVersion = 10.0.40219.1
Project("{FAE04EC0-301F-11D3-BF4B-00C04F79EFBC}") = "PasswordGameApp", "PasswordGameApp.csproj", "{05016C7E-47BC-4357-AD77-9E470C545AB9}"
EndProject
Global
	GlobalSection(SolutionConfigurationPlatforms) = preSolution
		Debug|Any CPU = Debug|Any CPU
		Release|Any CPU = Release|Any CPU
	EndGlobalSection
	GlobalSection(ProjectConfigurationPlatforms) = postSolution
		{05016C7E-47BC-4357-AD77-9E470C545AB9}.Debug|Any CPU.ActiveCfg = Debug|Any CPU
		{05016C7E-47BC-4357-AD77-9E470C545AB9}.Debug|Any CPU.Build.0 = Debug|Any CPU
		{05016C7E-47BC-4357-AD77-9E470C545AB9}.Release|Any CPU.ActiveCfg = Release|Any CPU
		{05016C7E-47BC-4357-AD77-9E470C545AB9}.Release|Any CPU.Build.0 = Release|Any CPU
	EndGlobalSection
	GlobalSection(SolutionProperties) = preSolution
		HideSolutionNode = FALSE
	EndGlobalSection
	GlobalSection(ExtensibilityGlobals) = postSolution
		SolutionGuid = {61140339-5EC7-47F9-AF47-5F04D29C22CD}
	EndGlobalSection
EndGlobal
